
Microsoft Visual Studio Solution File, Format Version 12.00
# Visual Studio Version 16
VisualStudioVersion = 16.0.28705.295
MinimumVisualStudioVersion = 10.0.40219.1
Project("{FAE04EC0-301F-11D3-BF4B-00C04F79EFBC}") = "simple-csharp-api", "simple-csharp-api\simple-csharp-api.csproj", "{330B36B5-BEC1-4C6C-B1DF-6CA7A33F0CD7}"
EndProject
Global
	GlobalSection(SolutionConfigurationPlatforms) = preSolution
		Debug|Any CPU = Debug|Any CPU
		Release|Any CPU = Release|Any CPU
	EndGlobalSection
	GlobalSection(ProjectConfigurationPlatforms) = postSolution
		{330B36B5-BEC1-4C6C-B1DF-6CA7A33F0CD7}.Debug|Any CPU.ActiveCfg = Debug|Any CPU
		{330B36B5-BEC1-4C6C-B1DF-6CA7A33F0CD7}.Debug|Any CPU.Build.0 = Debug|Any CPU
		{330B36B5-BEC1-4C6C-B1DF-6CA7A33F0CD7}.Release|Any CPU.ActiveCfg = Release|Any CPU
		{330B36B5-BEC1-4C6C-B1DF-6CA7A33F0CD7}.Release|Any CPU.Build.0 = Release|Any CPU
	EndGlobalSection
	GlobalSection(SolutionProperties) = preSolution
		HideSolutionNode = FALSE
	EndGlobalSection
	GlobalSection(ExtensibilityGlobals) = postSolution
		SolutionGuid = {2363F557-3682-4CA4-A0C4-76D3B947AECE}
	EndGlobalSection
EndGlobal
